
Microsoft Visual Studio Solution File, Format Version 12.00
# Visual Studio 15
VisualStudioVersion = 15.0.28307.2092
MinimumVisualStudioVersion = 10.0.40219.1
Project("{2150E333-8FDC-42A3-9474-1A3956D46DE8}") = "0_thirdparty", "0_thirdparty", "{EBBBC5AB-E662-45E5-BA81-FB445F6B829F}"
EndProject
Project("{2150E333-8FDC-42A3-9474-1A3956D46DE8}") = "1_demo", "1_demo", "{9A781B7B-4B89-4276-BCC2-F510F2E86956}"
EndProject
Project("{8BC9CEB8-8B4A-11D0-8D11-00A0C91BC942}") = "libiconv", "thirdparty\iconv-1.17_linux\libiconv_linux.vcxproj", "{791642ED-9E59-4F42-927B-3562F869D9C1}"
EndProject
Project("{8BC9CEB8-8B4A-11D0-8D11-00A0C91BC942}") = "genaliases", "demo\genaliases\genaliases_linux.vcxproj", "{492B8D1D-F7ED-4C08-AE65-38BCEDD0CB9F}"
	ProjectSection(ProjectDependencies) = postProject
		{791642ED-9E59-4F42-927B-3562F869D9C1} = {791642ED-9E59-4F42-927B-3562F869D9C1}
	EndProjectSection
EndProject
Project("{8BC9CEB8-8B4A-11D0-8D11-00A0C91BC942}") = "genaliases2", "demo\genaliases2\genaliases2_linux.vcxproj", "{4A1CC9CB-2596-48D2-8859-96652A119839}"
	ProjectSection(ProjectDependencies) = postProject
		{791642ED-9E59-4F42-927B-3562F869D9C1} = {791642ED-9E59-4F42-927B-3562F869D9C1}
	EndProjectSection
EndProject
Project("{8BC9CEB8-8B4A-11D0-8D11-00A0C91BC942}") = "genflags", "demo\genflags\genflags_linux.vcxproj", "{CF5A8C9B-9968-4EEE-92D1-4790D781F012}"
	ProjectSection(ProjectDependencies) = postProject
		{791642ED-9E59-4F42-927B-3562F869D9C1} = {791642ED-9E59-4F42-927B-3562F869D9C1}
	EndProjectSection
EndProject
Project("{8BC9CEB8-8B4A-11D0-8D11-00A0C91BC942}") = "gentranslit", "demo\gentranslit\gentranslit_linux.vcxproj", "{383C4CA4-E333-4017-8029-04E61A34DE7E}"
	ProjectSection(ProjectDependencies) = postProject
		{791642ED-9E59-4F42-927B-3562F869D9C1} = {791642ED-9E59-4F42-927B-3562F869D9C1}
	EndProjectSection
EndProject
Project("{8BC9CEB8-8B4A-11D0-8D11-00A0C91BC942}") = "iconv", "thirdparty\iconv-1.17_linux\iconv_linux.vcxproj", "{632BC121-F979-4CD5-9AAC-B6C93B521153}"
EndProject
Global
	GlobalSection(SolutionConfigurationPlatforms) = preSolution
		Debug|x64 = Debug|x64
		Release|x64 = Release|x64
	EndGlobalSection
	GlobalSection(ProjectConfigurationPlatforms) = postSolution
		{791642ED-9E59-4F42-927B-3562F869D9C1}.Debug|x64.ActiveCfg = Debug|x64
		{791642ED-9E59-4F42-927B-3562F869D9C1}.Debug|x64.Build.0 = Debug|x64
		{791642ED-9E59-4F42-927B-3562F869D9C1}.Release|x64.ActiveCfg = Release|x64
		{791642ED-9E59-4F42-927B-3562F869D9C1}.Release|x64.Build.0 = Release|x64
		{492B8D1D-F7ED-4C08-AE65-38BCEDD0CB9F}.Debug|x64.ActiveCfg = Debug|x64
		{492B8D1D-F7ED-4C08-AE65-38BCEDD0CB9F}.Debug|x64.Build.0 = Debug|x64
		{492B8D1D-F7ED-4C08-AE65-38BCEDD0CB9F}.Release|x64.ActiveCfg = Release|x64
		{492B8D1D-F7ED-4C08-AE65-38BCEDD0CB9F}.Release|x64.Build.0 = Release|x64
		{4A1CC9CB-2596-48D2-8859-96652A119839}.Debug|x64.ActiveCfg = Debug|x64
		{4A1CC9CB-2596-48D2-8859-96652A119839}.Debug|x64.Build.0 = Debug|x64
		{4A1CC9CB-2596-48D2-8859-96652A119839}.Release|x64.ActiveCfg = Release|x64
		{4A1CC9CB-2596-48D2-8859-96652A119839}.Release|x64.Build.0 = Release|x64
		{CF5A8C9B-9968-4EEE-92D1-4790D781F012}.Debug|x64.ActiveCfg = Debug|x64
		{CF5A8C9B-9968-4EEE-92D1-4790D781F012}.Debug|x64.Build.0 = Debug|x64
		{CF5A8C9B-9968-4EEE-92D1-4790D781F012}.Release|x64.ActiveCfg = Release|x64
		{CF5A8C9B-9968-4EEE-92D1-4790D781F012}.Release|x64.Build.0 = Release|x64
		{383C4CA4-E333-4017-8029-04E61A34DE7E}.Debug|x64.ActiveCfg = Debug|x64
		{383C4CA4-E333-4017-8029-04E61A34DE7E}.Debug|x64.Build.0 = Debug|x64
		{383C4CA4-E333-4017-8029-04E61A34DE7E}.Release|x64.ActiveCfg = Release|x64
		{383C4CA4-E333-4017-8029-04E61A34DE7E}.Release|x64.Build.0 = Release|x64
		{632BC121-F979-4CD5-9AAC-B6C93B521153}.Debug|x64.ActiveCfg = Debug|x64
		{632BC121-F979-4CD5-9AAC-B6C93B521153}.Debug|x64.Build.0 = Debug|x64
		{632BC121-F979-4CD5-9AAC-B6C93B521153}.Release|x64.ActiveCfg = Release|x64
		{632BC121-F979-4CD5-9AAC-B6C93B521153}.Release|x64.Build.0 = Release|x64
	EndGlobalSection
	GlobalSection(SolutionProperties) = preSolution
		HideSolutionNode = FALSE
	EndGlobalSection
	GlobalSection(NestedProjects) = preSolution
		{791642ED-9E59-4F42-927B-3562F869D9C1} = {EBBBC5AB-E662-45E5-BA81-FB445F6B829F}
		{492B8D1D-F7ED-4C08-AE65-38BCEDD0CB9F} = {9A781B7B-4B89-4276-BCC2-F510F2E86956}
		{4A1CC9CB-2596-48D2-8859-96652A119839} = {9A781B7B-4B89-4276-BCC2-F510F2E86956}
		{CF5A8C9B-9968-4EEE-92D1-4790D781F012} = {9A781B7B-4B89-4276-BCC2-F510F2E86956}
		{383C4CA4-E333-4017-8029-04E61A34DE7E} = {9A781B7B-4B89-4276-BCC2-F510F2E86956}
		{632BC121-F979-4CD5-9AAC-B6C93B521153} = {EBBBC5AB-E662-45E5-BA81-FB445F6B829F}
	EndGlobalSection
	GlobalSection(ExtensibilityGlobals) = postSolution
		SolutionGuid = {5806D430-DEB4-4E2B-8838-C80B410D7661}
	EndGlobalSection
EndGlobal
